
Microsoft Visual Studio Solution File, Format Version 12.00
# Visual Studio Version 16
VisualStudioVersion = 16.0.29613.14
MinimumVisualStudioVersion = 10.0.40219.1
Project("{9A19103F-16F7-4668-BE54-9A1E7A4F7556}") = "Vulcan", "vulcan\Vulcan.csproj", "{1DD97977-A636-4266-8AF0-FA53581A1665}"
EndProject
Project("{FAE04EC0-301F-11D3-BF4B-00C04F79EFBC}") = "Skills", "..\..\Skills\Skills\Skills.csproj", "{15AD1345-984C-48ED-AF9A-2EAB44E5AA2B}"
EndProject
Project("{FAE04EC0-301F-11D3-BF4B-00C04F79EFBC}") = "UnitTests", "..\..\Skills\UnitTests\UnitTests.csproj", "{6F80946D-AC8B-4063-8588-96841C18BF0A}"
EndProject
Global
	GlobalSection(SolutionConfigurationPlatforms) = preSolution
		Debug|Any CPU = Debug|Any CPU
		Release|Any CPU = Release|Any CPU
	EndGlobalSection
	GlobalSection(ProjectConfigurationPlatforms) = postSolution
		{1DD97977-A636-4266-8AF0-FA53581A1665}.Debug|Any CPU.ActiveCfg = Debug|Any CPU
		{1DD97977-A636-4266-8AF0-FA53581A1665}.Debug|Any CPU.Build.0 = Debug|Any CPU
		{1DD97977-A636-4266-8AF0-FA53581A1665}.Release|Any CPU.ActiveCfg = Release|Any CPU
		{1DD97977-A636-4266-8AF0-FA53581A1665}.Release|Any CPU.Build.0 = Release|Any CPU
		{15AD1345-984C-48ED-AF9A-2EAB44E5AA2B}.Debug|Any CPU.ActiveCfg = Debug|Any CPU
		{15AD1345-984C-48ED-AF9A-2EAB44E5AA2B}.Debug|Any CPU.Build.0 = Debug|Any CPU
		{15AD1345-984C-48ED-AF9A-2EAB44E5AA2B}.Release|Any CPU.ActiveCfg = Release|Any CPU
		{15AD1345-984C-48ED-AF9A-2EAB44E5AA2B}.Release|Any CPU.Build.0 = Release|Any CPU
		{6F80946D-AC8B-4063-8588-96841C18BF0A}.Debug|Any CPU.ActiveCfg = Debug|Any CPU
		{6F80946D-AC8B-4063-8588-96841C18BF0A}.Debug|Any CPU.Build.0 = Debug|Any CPU
		{6F80946D-AC8B-4063-8588-96841C18BF0A}.Release|Any CPU.ActiveCfg = Release|Any CPU
		{6F80946D-AC8B-4063-8588-96841C18BF0A}.Release|Any CPU.Build.0 = Release|Any CPU
	EndGlobalSection
	GlobalSection(SolutionProperties) = preSolution
		HideSolutionNode = FALSE
	EndGlobalSection
	GlobalSection(ExtensibilityGlobals) = postSolution
		SolutionGuid = {D6C70A56-B976-41B8-82CF-23D671F1D79A}
	EndGlobalSection
EndGlobal
